
Microsoft Visual Studio Solution File, Format Version 12.00
# Visual Studio 15
VisualStudioVersion = 15.0.28307.1022
MinimumVisualStudioVersion = 10.0.40219.1
Project("{8BC9CEB8-8B4A-11D0-8D11-00A0C91BC942}") = "deleteNode", "deleteNode\deleteNode.vcxproj", "{7F1D0735-DB7C-44C3-B642-73A727574DB7}"
EndProject
Global
	GlobalSection(SolutionConfigurationPlatforms) = preSolution
		Debug|x64 = Debug|x64
		Debug|x86 = Debug|x86
		Release|x64 = Release|x64
		Release|x86 = Release|x86
	EndGlobalSection
	GlobalSection(ProjectConfigurationPlatforms) = postSolution
		{7F1D0735-DB7C-44C3-B642-73A727574DB7}.Debug|x64.ActiveCfg = Debug|x64
		{7F1D0735-DB7C-44C3-B642-73A727574DB7}.Debug|x64.Build.0 = Debug|x64
		{7F1D0735-DB7C-44C3-B642-73A727574DB7}.Debug|x86.ActiveCfg = Debug|Win32
		{7F1D0735-DB7C-44C3-B642-73A727574DB7}.Debug|x86.Build.0 = Debug|Win32
		{7F1D0735-DB7C-44C3-B642-73A727574DB7}.Release|x64.ActiveCfg = Release|x64
		{7F1D0735-DB7C-44C3-B642-73A727574DB7}.Release|x64.Build.0 = Release|x64
		{7F1D0735-DB7C-44C3-B642-73A727574DB7}.Release|x86.ActiveCfg = Release|Win32
		{7F1D0735-DB7C-44C3-B642-73A727574DB7}.Release|x86.Build.0 = Release|Win32
	EndGlobalSection
	GlobalSection(SolutionProperties) = preSolution
		HideSolutionNode = FALSE
	EndGlobalSection
	GlobalSection(ExtensibilityGlobals) = postSolution
		SolutionGuid = {92599681-91D0-4BB4-8426-13B2FF8056B6}
	EndGlobalSection
EndGlobal
