
Microsoft Visual Studio Solution File, Format Version 12.00
# Visual Studio 15
VisualStudioVersion = 15.0.28307.1022
MinimumVisualStudioVersion = 10.0.40219.1
Project("{8BC9CEB8-8B4A-11D0-8D11-00A0C91BC942}") = "singleNumber", "singleNumber\singleNumber.vcxproj", "{F35A532B-1956-4536-AE7C-1468011882B7}"
EndProject
Global
	GlobalSection(SolutionConfigurationPlatforms) = preSolution
		Debug|x64 = Debug|x64
		Debug|x86 = Debug|x86
		Release|x64 = Release|x64
		Release|x86 = Release|x86
	EndGlobalSection
	GlobalSection(ProjectConfigurationPlatforms) = postSolution
		{F35A532B-1956-4536-AE7C-1468011882B7}.Debug|x64.ActiveCfg = Debug|x64
		{F35A532B-1956-4536-AE7C-1468011882B7}.Debug|x64.Build.0 = Debug|x64
		{F35A532B-1956-4536-AE7C-1468011882B7}.Debug|x86.ActiveCfg = Debug|Win32
		{F35A532B-1956-4536-AE7C-1468011882B7}.Debug|x86.Build.0 = Debug|Win32
		{F35A532B-1956-4536-AE7C-1468011882B7}.Release|x64.ActiveCfg = Release|x64
		{F35A532B-1956-4536-AE7C-1468011882B7}.Release|x64.Build.0 = Release|x64
		{F35A532B-1956-4536-AE7C-1468011882B7}.Release|x86.ActiveCfg = Release|Win32
		{F35A532B-1956-4536-AE7C-1468011882B7}.Release|x86.Build.0 = Release|Win32
	EndGlobalSection
	GlobalSection(SolutionProperties) = preSolution
		HideSolutionNode = FALSE
	EndGlobalSection
	GlobalSection(ExtensibilityGlobals) = postSolution
		SolutionGuid = {A9EBCE63-DFA7-4FC0-B4EF-00256B7D6BBF}
	EndGlobalSection
EndGlobal
