
Microsoft Visual Studio Solution File, Format Version 12.00
# Visual Studio 15
VisualStudioVersion = 15.0.28307.1022
MinimumVisualStudioVersion = 10.0.40219.1
Project("{8BC9CEB8-8B4A-11D0-8D11-00A0C91BC942}") = "maxSubArray", "maxSubArray\maxSubArray.vcxproj", "{2AD2C962-9C60-4FB2-8F56-B20A06C024DB}"
EndProject
Global
	GlobalSection(SolutionConfigurationPlatforms) = preSolution
		Debug|x64 = Debug|x64
		Debug|x86 = Debug|x86
		Release|x64 = Release|x64
		Release|x86 = Release|x86
	EndGlobalSection
	GlobalSection(ProjectConfigurationPlatforms) = postSolution
		{2AD2C962-9C60-4FB2-8F56-B20A06C024DB}.Debug|x64.ActiveCfg = Debug|x64
		{2AD2C962-9C60-4FB2-8F56-B20A06C024DB}.Debug|x64.Build.0 = Debug|x64
		{2AD2C962-9C60-4FB2-8F56-B20A06C024DB}.Debug|x86.ActiveCfg = Debug|Win32
		{2AD2C962-9C60-4FB2-8F56-B20A06C024DB}.Debug|x86.Build.0 = Debug|Win32
		{2AD2C962-9C60-4FB2-8F56-B20A06C024DB}.Release|x64.ActiveCfg = Release|x64
		{2AD2C962-9C60-4FB2-8F56-B20A06C024DB}.Release|x64.Build.0 = Release|x64
		{2AD2C962-9C60-4FB2-8F56-B20A06C024DB}.Release|x86.ActiveCfg = Release|Win32
		{2AD2C962-9C60-4FB2-8F56-B20A06C024DB}.Release|x86.Build.0 = Release|Win32
	EndGlobalSection
	GlobalSection(SolutionProperties) = preSolution
		HideSolutionNode = FALSE
	EndGlobalSection
	GlobalSection(ExtensibilityGlobals) = postSolution
		SolutionGuid = {0EDBC612-7486-42AB-8903-C36D0683340E}
	EndGlobalSection
EndGlobal
