
Microsoft Visual Studio Solution File, Format Version 12.00
# Visual Studio 15
VisualStudioVersion = 15.0.28307.1022
MinimumVisualStudioVersion = 10.0.40219.1
Project("{8BC9CEB8-8B4A-11D0-8D11-00A0C91BC942}") = "reversePrint", "reversePrint\reversePrint.vcxproj", "{22E6038A-4BDF-4459-AAD2-6ED9E93D9FF4}"
EndProject
Global
	GlobalSection(SolutionConfigurationPlatforms) = preSolution
		Debug|x64 = Debug|x64
		Debug|x86 = Debug|x86
		Release|x64 = Release|x64
		Release|x86 = Release|x86
	EndGlobalSection
	GlobalSection(ProjectConfigurationPlatforms) = postSolution
		{22E6038A-4BDF-4459-AAD2-6ED9E93D9FF4}.Debug|x64.ActiveCfg = Debug|x64
		{22E6038A-4BDF-4459-AAD2-6ED9E93D9FF4}.Debug|x64.Build.0 = Debug|x64
		{22E6038A-4BDF-4459-AAD2-6ED9E93D9FF4}.Debug|x86.ActiveCfg = Debug|Win32
		{22E6038A-4BDF-4459-AAD2-6ED9E93D9FF4}.Debug|x86.Build.0 = Debug|Win32
		{22E6038A-4BDF-4459-AAD2-6ED9E93D9FF4}.Release|x64.ActiveCfg = Release|x64
		{22E6038A-4BDF-4459-AAD2-6ED9E93D9FF4}.Release|x64.Build.0 = Release|x64
		{22E6038A-4BDF-4459-AAD2-6ED9E93D9FF4}.Release|x86.ActiveCfg = Release|Win32
		{22E6038A-4BDF-4459-AAD2-6ED9E93D9FF4}.Release|x86.Build.0 = Release|Win32
	EndGlobalSection
	GlobalSection(SolutionProperties) = preSolution
		HideSolutionNode = FALSE
	EndGlobalSection
	GlobalSection(ExtensibilityGlobals) = postSolution
		SolutionGuid = {582665DE-6170-4E82-BFA5-6083BE914BAB}
	EndGlobalSection
EndGlobal
